
Microsoft Visual Studio Solution File, Format Version 12.00
# Visual Studio Version 17
VisualStudioVersion = 17.13.35806.99
MinimumVisualStudioVersion = 10.0.40219.1
Project("{2150E333-8FDC-42A3-9474-1A3956D46DE8}") = "Entities", "Entities", "{02EA681E-C7D8-13C7-8484-4AC65E1B71E8}"
EndProject
Project("{FAE04EC0-301F-11D3-BF4B-00C04F79EFBC}") = "HDGM.Entities", "HDGM.Entities\HDGM.Entities.csproj", "{22148088-F809-42E4-937C-78D822D11719}"
EndProject
Project("{FAE04EC0-301F-11D3-BF4B-00C04F79EFBC}") = "HDGM.BaseEntity", "BaseEntity\HDGM.BaseEntity.csproj", "{E283A18B-6EA5-4808-B2CD-C62847933792}"
EndProject
Project("{2150E333-8FDC-42A3-9474-1A3956D46DE8}") = "Data", "Data", "{FEB59759-1903-43DD-8355-2A7156DC8A70}"
EndProject
Project("{FAE04EC0-301F-11D3-BF4B-00C04F79EFBC}") = "HDGM.FileServiceManager", "HDGM.Repository\HDGM.FileServiceManager.csproj", "{8D276707-AEF8-4F82-9D8E-92789A1B5DA4}"
EndProject
Project("{FAE04EC0-301F-11D3-BF4B-00C04F79EFBC}") = "HDGM.DAL", "HDGM.DAL\HDGM.DAL.csproj", "{DCBA0F02-13A9-4722-892F-86F87D90F130}"
EndProject
Project("{FAE04EC0-301F-11D3-BF4B-00C04F79EFBC}") = "HDGM.Execption", "HDGM.Execption\HDGM.Execption.csproj", "{25A90581-D30A-407F-961C-E6102FC8252A}"
EndProject
Project("{2150E333-8FDC-42A3-9474-1A3956D46DE8}") = "Logic", "Logic", "{AC2386B5-5341-49D8-84BC-34A563ABC224}"
EndProject
Project("{FAE04EC0-301F-11D3-BF4B-00C04F79EFBC}") = "HDGM.BILL", "HDGM.BILL\HDGM.BILL.csproj", "{E8F954EC-30AF-4920-B099-F899511FC9C6}"
EndProject
Project("{FAE04EC0-301F-11D3-BF4B-00C04F79EFBC}") = "HDGM.BILL.SERVICE", "HDGM.BILL.SERVICE\HDGM.BILL.SERVICE.csproj", "{AFD1C55F-4EC1-42CE-8773-933720DF102B}"
EndProject
Project("{2150E333-8FDC-42A3-9474-1A3956D46DE8}") = "GUI", "GUI", "{18265017-0DB6-4C23-B64F-85E56BAF7270}"
EndProject
Project("{FAE04EC0-301F-11D3-BF4B-00C04F79EFBC}") = "HDGM.GUI", "HDGM.GUI\HDGM.GUI.csproj", "{487D8EA0-AB75-4DCC-8976-5BA4ADBD123C}"
EndProject
Project("{FAE04EC0-301F-11D3-BF4B-00C04F79EFBC}") = "HDGM.GUI.DGV", "HDGM.GUI.DGV\HDGM.GUI.DGV.csproj", "{8AB7948D-FA93-4A1E-B9B4-0DAF16EAFAEB}"
EndProject
Project("{2150E333-8FDC-42A3-9474-1A3956D46DE8}") = "TXT", "TXT", "{C4B086A3-D3A5-405F-AE2E-2FD8715017BE}"
EndProject
Project("{2150E333-8FDC-42A3-9474-1A3956D46DE8}") = "BaseDatosSqlDeveloper", "BaseDatosSqlDeveloper", "{8C5CE2CF-0E61-434A-B435-A78AC8A1AE41}"
EndProject
Project("{FAE04EC0-301F-11D3-BF4B-00C04F79EFBC}") = "HDGM.DataServiceManager", "HDGM.DataServiceManager\HDGM.DataServiceManager.csproj", "{7CA5E435-0573-46FB-B505-94D9F6BF932E}"
EndProject
Project("{FAE04EC0-301F-11D3-BF4B-00C04F79EFBC}") = "HDGM.DataBaseDAL", "HDGM.DataBaseDAL\HDGM.DataBaseDAL.csproj", "{51B7ED1D-BA54-41E1-A6CE-E8F1E50F81F0}"
EndProject
Global
	GlobalSection(SolutionConfigurationPlatforms) = preSolution
		Debug|Any CPU = Debug|Any CPU
		Release|Any CPU = Release|Any CPU
	EndGlobalSection
	GlobalSection(ProjectConfigurationPlatforms) = postSolution
		{22148088-F809-42E4-937C-78D822D11719}.Debug|Any CPU.ActiveCfg = Debug|Any CPU
		{22148088-F809-42E4-937C-78D822D11719}.Debug|Any CPU.Build.0 = Debug|Any CPU
		{22148088-F809-42E4-937C-78D822D11719}.Release|Any CPU.ActiveCfg = Release|Any CPU
		{22148088-F809-42E4-937C-78D822D11719}.Release|Any CPU.Build.0 = Release|Any CPU
		{E283A18B-6EA5-4808-B2CD-C62847933792}.Debug|Any CPU.ActiveCfg = Debug|Any CPU
		{E283A18B-6EA5-4808-B2CD-C62847933792}.Debug|Any CPU.Build.0 = Debug|Any CPU
		{E283A18B-6EA5-4808-B2CD-C62847933792}.Release|Any CPU.ActiveCfg = Release|Any CPU
		{E283A18B-6EA5-4808-B2CD-C62847933792}.Release|Any CPU.Build.0 = Release|Any CPU
		{8D276707-AEF8-4F82-9D8E-92789A1B5DA4}.Debug|Any CPU.ActiveCfg = Debug|Any CPU
		{8D276707-AEF8-4F82-9D8E-92789A1B5DA4}.Debug|Any CPU.Build.0 = Debug|Any CPU
		{8D276707-AEF8-4F82-9D8E-92789A1B5DA4}.Release|Any CPU.ActiveCfg = Release|Any CPU
		{8D276707-AEF8-4F82-9D8E-92789A1B5DA4}.Release|Any CPU.Build.0 = Release|Any CPU
		{DCBA0F02-13A9-4722-892F-86F87D90F130}.Debug|Any CPU.ActiveCfg = Debug|Any CPU
		{DCBA0F02-13A9-4722-892F-86F87D90F130}.Debug|Any CPU.Build.0 = Debug|Any CPU
		{DCBA0F02-13A9-4722-892F-86F87D90F130}.Release|Any CPU.ActiveCfg = Release|Any CPU
		{DCBA0F02-13A9-4722-892F-86F87D90F130}.Release|Any CPU.Build.0 = Release|Any CPU
		{25A90581-D30A-407F-961C-E6102FC8252A}.Debug|Any CPU.ActiveCfg = Debug|Any CPU
		{25A90581-D30A-407F-961C-E6102FC8252A}.Debug|Any CPU.Build.0 = Debug|Any CPU
		{25A90581-D30A-407F-961C-E6102FC8252A}.Release|Any CPU.ActiveCfg = Release|Any CPU
		{25A90581-D30A-407F-961C-E6102FC8252A}.Release|Any CPU.Build.0 = Release|Any CPU
		{E8F954EC-30AF-4920-B099-F899511FC9C6}.Debug|Any CPU.ActiveCfg = Debug|Any CPU
		{E8F954EC-30AF-4920-B099-F899511FC9C6}.Debug|Any CPU.Build.0 = Debug|Any CPU
		{E8F954EC-30AF-4920-B099-F899511FC9C6}.Release|Any CPU.ActiveCfg = Release|Any CPU
		{E8F954EC-30AF-4920-B099-F899511FC9C6}.Release|Any CPU.Build.0 = Release|Any CPU
		{AFD1C55F-4EC1-42CE-8773-933720DF102B}.Debug|Any CPU.ActiveCfg = Debug|Any CPU
		{AFD1C55F-4EC1-42CE-8773-933720DF102B}.Debug|Any CPU.Build.0 = Debug|Any CPU
		{AFD1C55F-4EC1-42CE-8773-933720DF102B}.Release|Any CPU.ActiveCfg = Release|Any CPU
		{AFD1C55F-4EC1-42CE-8773-933720DF102B}.Release|Any CPU.Build.0 = Release|Any CPU
		{487D8EA0-AB75-4DCC-8976-5BA4ADBD123C}.Debug|Any CPU.ActiveCfg = Debug|Any CPU
		{487D8EA0-AB75-4DCC-8976-5BA4ADBD123C}.Debug|Any CPU.Build.0 = Debug|Any CPU
		{487D8EA0-AB75-4DCC-8976-5BA4ADBD123C}.Release|Any CPU.ActiveCfg = Release|Any CPU
		{487D8EA0-AB75-4DCC-8976-5BA4ADBD123C}.Release|Any CPU.Build.0 = Release|Any CPU
		{8AB7948D-FA93-4A1E-B9B4-0DAF16EAFAEB}.Debug|Any CPU.ActiveCfg = Debug|Any CPU
		{8AB7948D-FA93-4A1E-B9B4-0DAF16EAFAEB}.Debug|Any CPU.Build.0 = Debug|Any CPU
		{8AB7948D-FA93-4A1E-B9B4-0DAF16EAFAEB}.Release|Any CPU.ActiveCfg = Release|Any CPU
		{8AB7948D-FA93-4A1E-B9B4-0DAF16EAFAEB}.Release|Any CPU.Build.0 = Release|Any CPU
		{7CA5E435-0573-46FB-B505-94D9F6BF932E}.Debug|Any CPU.ActiveCfg = Debug|Any CPU
		{7CA5E435-0573-46FB-B505-94D9F6BF932E}.Debug|Any CPU.Build.0 = Debug|Any CPU
		{7CA5E435-0573-46FB-B505-94D9F6BF932E}.Release|Any CPU.ActiveCfg = Release|Any CPU
		{7CA5E435-0573-46FB-B505-94D9F6BF932E}.Release|Any CPU.Build.0 = Release|Any CPU
		{51B7ED1D-BA54-41E1-A6CE-E8F1E50F81F0}.Debug|Any CPU.ActiveCfg = Debug|Any CPU
		{51B7ED1D-BA54-41E1-A6CE-E8F1E50F81F0}.Debug|Any CPU.Build.0 = Debug|Any CPU
		{51B7ED1D-BA54-41E1-A6CE-E8F1E50F81F0}.Release|Any CPU.ActiveCfg = Release|Any CPU
		{51B7ED1D-BA54-41E1-A6CE-E8F1E50F81F0}.Release|Any CPU.Build.0 = Release|Any CPU
	EndGlobalSection
	GlobalSection(SolutionProperties) = preSolution
		HideSolutionNode = FALSE
	EndGlobalSection
	GlobalSection(NestedProjects) = preSolution
		{22148088-F809-42E4-937C-78D822D11719} = {02EA681E-C7D8-13C7-8484-4AC65E1B71E8}
		{E283A18B-6EA5-4808-B2CD-C62847933792} = {02EA681E-C7D8-13C7-8484-4AC65E1B71E8}
		{8D276707-AEF8-4F82-9D8E-92789A1B5DA4} = {C4B086A3-D3A5-405F-AE2E-2FD8715017BE}
		{DCBA0F02-13A9-4722-892F-86F87D90F130} = {C4B086A3-D3A5-405F-AE2E-2FD8715017BE}
		{25A90581-D30A-407F-961C-E6102FC8252A} = {C4B086A3-D3A5-405F-AE2E-2FD8715017BE}
		{E8F954EC-30AF-4920-B099-F899511FC9C6} = {AC2386B5-5341-49D8-84BC-34A563ABC224}
		{AFD1C55F-4EC1-42CE-8773-933720DF102B} = {AC2386B5-5341-49D8-84BC-34A563ABC224}
		{487D8EA0-AB75-4DCC-8976-5BA4ADBD123C} = {18265017-0DB6-4C23-B64F-85E56BAF7270}
		{8AB7948D-FA93-4A1E-B9B4-0DAF16EAFAEB} = {18265017-0DB6-4C23-B64F-85E56BAF7270}
		{C4B086A3-D3A5-405F-AE2E-2FD8715017BE} = {FEB59759-1903-43DD-8355-2A7156DC8A70}
		{8C5CE2CF-0E61-434A-B435-A78AC8A1AE41} = {FEB59759-1903-43DD-8355-2A7156DC8A70}
		{7CA5E435-0573-46FB-B505-94D9F6BF932E} = {8C5CE2CF-0E61-434A-B435-A78AC8A1AE41}
		{51B7ED1D-BA54-41E1-A6CE-E8F1E50F81F0} = {8C5CE2CF-0E61-434A-B435-A78AC8A1AE41}
	EndGlobalSection
	GlobalSection(ExtensibilityGlobals) = postSolution
		SolutionGuid = {D9ACBF96-BD20-44FE-9ECA-DAE96D019503}
	EndGlobalSection
EndGlobal
